
Microsoft Visual Studio Solution File, Format Version 12.00
# Visual Studio Version 17
VisualStudioVersion = 17.13.35818.85 d17.13
MinimumVisualStudioVersion = 10.0.40219.1
Project("{FAE04EC0-301F-11D3-BF4B-00C04F79EFBC}") = "siniflar", "siniflar\siniflar.csproj", "{771A503E-771B-4B85-8F40-D093A10EC530}"
EndProject
Global
	GlobalSection(SolutionConfigurationPlatforms) = preSolution
		Debug|Any CPU = Debug|Any CPU
		Release|Any CPU = Release|Any CPU
	EndGlobalSection
	GlobalSection(ProjectConfigurationPlatforms) = postSolution
		{771A503E-771B-4B85-8F40-D093A10EC530}.Debug|Any CPU.ActiveCfg = Debug|Any CPU
		{771A503E-771B-4B85-8F40-D093A10EC530}.Debug|Any CPU.Build.0 = Debug|Any CPU
		{771A503E-771B-4B85-8F40-D093A10EC530}.Release|Any CPU.ActiveCfg = Release|Any CPU
		{771A503E-771B-4B85-8F40-D093A10EC530}.Release|Any CPU.Build.0 = Release|Any CPU
	EndGlobalSection
	GlobalSection(SolutionProperties) = preSolution
		HideSolutionNode = FALSE
	EndGlobalSection
	GlobalSection(ExtensibilityGlobals) = postSolution
		SolutionGuid = {865D2728-D9E6-4DB6-A894-FD3A4A8448BB}
	EndGlobalSection
EndGlobal
